
Microsoft Visual Studio Solution File, Format Version 12.00
# Visual Studio Version 17
VisualStudioVersion = 17.3.32901.215
MinimumVisualStudioVersion = 10.0.40219.1
Project("{FAE04EC0-301F-11D3-BF4B-00C04F79EFBC}") = "çarpma-örnegi", "çarpma-örnegi\çarpma-örnegi.csproj", "{A3ECA7B3-7142-4D33-8BB1-3B21964E96F9}"
EndProject
Global
	GlobalSection(SolutionConfigurationPlatforms) = preSolution
		Debug|Any CPU = Debug|Any CPU
		Release|Any CPU = Release|Any CPU
	EndGlobalSection
	GlobalSection(ProjectConfigurationPlatforms) = postSolution
		{A3ECA7B3-7142-4D33-8BB1-3B21964E96F9}.Debug|Any CPU.ActiveCfg = Debug|Any CPU
		{A3ECA7B3-7142-4D33-8BB1-3B21964E96F9}.Debug|Any CPU.Build.0 = Debug|Any CPU
		{A3ECA7B3-7142-4D33-8BB1-3B21964E96F9}.Release|Any CPU.ActiveCfg = Release|Any CPU
		{A3ECA7B3-7142-4D33-8BB1-3B21964E96F9}.Release|Any CPU.Build.0 = Release|Any CPU
	EndGlobalSection
	GlobalSection(SolutionProperties) = preSolution
		HideSolutionNode = FALSE
	EndGlobalSection
	GlobalSection(ExtensibilityGlobals) = postSolution
		SolutionGuid = {EF76424D-7924-4414-8D5A-5A6AB062F504}
	EndGlobalSection
EndGlobal
